
Microsoft Visual Studio Solution File, Format Version 12.00
# Visual Studio 14
VisualStudioVersion = 14.0.25420.1
MinimumVisualStudioVersion = 10.0.40219.1
Project("{FAE04EC0-301F-11D3-BF4B-00C04F79EFBC}") = "EntityCodeFirst.WebApi", "WebApplication4\EntityCodeFirst.WebApi.csproj", "{A0915C72-AFCE-44C7-AA54-437012332361}"
EndProject
Project("{FAE04EC0-301F-11D3-BF4B-00C04F79EFBC}") = "EntityCodeFirst.Entities", "EntityCodeFirst.Entities\EntityCodeFirst.Entities.csproj", "{8037D645-A5F5-429F-976A-E2BFF10A4C1B}"
EndProject
Project("{FAE04EC0-301F-11D3-BF4B-00C04F79EFBC}") = "EntityCodeFirst.DataLayer", "Entity CodeFirst.DataLayer\EntityCodeFirst.DataLayer.csproj", "{03585715-82B9-41B9-B133-A08C5B10F3FB}"
EndProject
Project("{FAE04EC0-301F-11D3-BF4B-00C04F79EFBC}") = "EntityCodeFirst.BusinessLayer", "EntityCodeFirst.BusinessLayer\EntityCodeFirst.BusinessLayer.csproj", "{2EE164DF-4590-4BF4-8CBB-28D5A6163FA1}"
EndProject
Project("{FAE04EC0-301F-11D3-BF4B-00C04F79EFBC}") = "EntityCodeFirst.Common", "EntityCodeFirst.Common\EntityCodeFirst.Common.csproj", "{2BE65662-DA1A-4086-B872-405E772480B9}"
EndProject
Global
	GlobalSection(SolutionConfigurationPlatforms) = preSolution
		Debug|Any CPU = Debug|Any CPU
		Release|Any CPU = Release|Any CPU
	EndGlobalSection
	GlobalSection(ProjectConfigurationPlatforms) = postSolution
		{A0915C72-AFCE-44C7-AA54-437012332361}.Debug|Any CPU.ActiveCfg = Debug|Any CPU
		{A0915C72-AFCE-44C7-AA54-437012332361}.Debug|Any CPU.Build.0 = Debug|Any CPU
		{A0915C72-AFCE-44C7-AA54-437012332361}.Release|Any CPU.ActiveCfg = Release|Any CPU
		{A0915C72-AFCE-44C7-AA54-437012332361}.Release|Any CPU.Build.0 = Release|Any CPU
		{8037D645-A5F5-429F-976A-E2BFF10A4C1B}.Debug|Any CPU.ActiveCfg = Debug|Any CPU
		{8037D645-A5F5-429F-976A-E2BFF10A4C1B}.Debug|Any CPU.Build.0 = Debug|Any CPU
		{8037D645-A5F5-429F-976A-E2BFF10A4C1B}.Release|Any CPU.ActiveCfg = Release|Any CPU
		{8037D645-A5F5-429F-976A-E2BFF10A4C1B}.Release|Any CPU.Build.0 = Release|Any CPU
		{03585715-82B9-41B9-B133-A08C5B10F3FB}.Debug|Any CPU.ActiveCfg = Debug|Any CPU
		{03585715-82B9-41B9-B133-A08C5B10F3FB}.Debug|Any CPU.Build.0 = Debug|Any CPU
		{03585715-82B9-41B9-B133-A08C5B10F3FB}.Release|Any CPU.ActiveCfg = Release|Any CPU
		{03585715-82B9-41B9-B133-A08C5B10F3FB}.Release|Any CPU.Build.0 = Release|Any CPU
		{2EE164DF-4590-4BF4-8CBB-28D5A6163FA1}.Debug|Any CPU.ActiveCfg = Debug|Any CPU
		{2EE164DF-4590-4BF4-8CBB-28D5A6163FA1}.Debug|Any CPU.Build.0 = Debug|Any CPU
		{2EE164DF-4590-4BF4-8CBB-28D5A6163FA1}.Release|Any CPU.ActiveCfg = Release|Any CPU
		{2EE164DF-4590-4BF4-8CBB-28D5A6163FA1}.Release|Any CPU.Build.0 = Release|Any CPU
		{2BE65662-DA1A-4086-B872-405E772480B9}.Debug|Any CPU.ActiveCfg = Debug|Any CPU
		{2BE65662-DA1A-4086-B872-405E772480B9}.Debug|Any CPU.Build.0 = Debug|Any CPU
		{2BE65662-DA1A-4086-B872-405E772480B9}.Release|Any CPU.ActiveCfg = Release|Any CPU
		{2BE65662-DA1A-4086-B872-405E772480B9}.Release|Any CPU.Build.0 = Release|Any CPU
	EndGlobalSection
	GlobalSection(SolutionProperties) = preSolution
		HideSolutionNode = FALSE
	EndGlobalSection
EndGlobal
